{
  "nodes": {
    "gen-graph": {
      "inputs": {
        "gen-prelude": "gen-prelude"
      },
      "locked": {
        "lastModified": 1782932839,
        "narHash": "sha256-Pqq3dBx8lU1mQDAV4f3v6fVHRPL/XOi2mPGQInwSubg=",
        "owner": "sini",
        "repo": "gen-graph",
        "rev": "403b58594d8d1ada467e97c2ab48e9bcc08a58fb",
        "type": "github"
      },
      "original": {
        "owner": "sini",
        "repo": "gen-graph",
        "type": "github"
      }
    },
    "gen-prelude": {
      "locked": {
        "lastModified": 1782849654,
        "narHash": "sha256-RuSmZU9Sny31YFYfPkagesMDKqGgkQQoNrm4O5Imw2c=",
        "owner": "sini",
        "repo": "gen-prelude",
        "rev": "9e3f4c947c76a11ffec04e020ac7e2a3fe306c47",
        "type": "github"
      },
      "original": {
        "owner": "sini",
        "repo": "gen-prelude",
        "type": "github"
      }
    },
    "nixpkgs": {
      "locked": {
        "lastModified": 1780243769,
        "narHash": "sha256-x5UQuRsH3MqI0U9afaXSNqzTPSeZlRLvFAav2Ux1pNw=",
        "owner": "NixOS",
        "repo": "nixpkgs",
        "rev": "331800de5053fcebacf6813adb5db9c9dca22a0c",
        "type": "github"
      },
      "original": {
        "owner": "NixOS",
        "ref": "nixos-unstable",
        "repo": "nixpkgs",
        "type": "github"
      }
    },
    "root": {
      "inputs": {
        "gen-graph": "gen-graph",
        "nixpkgs": "nixpkgs"
      }
    }
  },
  "root": "root",
  "version": 7
}
