{
  "nodes": {
    "flake-parts": {
      "inputs": {
        "nixpkgs-lib": [
          "nixpkgs"
        ]
      },
      "locked": {
        "lastModified": 1778716662,
        "narHash": "sha256-m1Yf0wZ8j1OHjTc2UwHwyQRSnNeSgLJOd7q5Y45hzi4=",
        "owner": "hercules-ci",
        "repo": "flake-parts",
        "rev": "f7c1a2d347e4c52d5fb8d10cb4d94b5884e546fb",
        "type": "github"
      },
      "original": {
        "owner": "hercules-ci",
        "repo": "flake-parts",
        "type": "github"
      }
    },
    "gen-algebra": {
      "locked": {
        "lastModified": 1782932834,
        "narHash": "sha256-bXlw2LMZP2uLIO1jpMMxjniIS42X5j1qV4a4+lbGbOA=",
        "owner": "sini",
        "repo": "gen-algebra",
        "rev": "4e86e13229b930ebfdc937ba2c8147fc2bd6125c",
        "type": "github"
      },
      "original": {
        "owner": "sini",
        "repo": "gen-algebra",
        "type": "github"
      }
    },
    "gen-algebra_2": {
      "locked": {
        "lastModified": 1782521734,
        "narHash": "sha256-BU6HndNta7WDB51AKjBFYNOxFhp5rJPOumjMkQVKzSM=",
        "owner": "sini",
        "repo": "gen-algebra",
        "rev": "aaffd3f073715bd4ac47d3f78123a9882a328bfa",
        "type": "github"
      },
      "original": {
        "owner": "sini",
        "repo": "gen-algebra",
        "type": "github"
      }
    },
    "gen-algebra_3": {
      "locked": {
        "lastModified": 1782521734,
        "narHash": "sha256-BU6HndNta7WDB51AKjBFYNOxFhp5rJPOumjMkQVKzSM=",
        "owner": "sini",
        "repo": "gen-algebra",
        "rev": "aaffd3f073715bd4ac47d3f78123a9882a328bfa",
        "type": "github"
      },
      "original": {
        "owner": "sini",
        "repo": "gen-algebra",
        "type": "github"
      }
    },
    "gen-aspects": {
      "inputs": {
        "gen-schema": "gen-schema",
        "nixpkgs": "nixpkgs_2"
      },
      "locked": {
        "lastModified": 1782932837,
        "narHash": "sha256-J9SwKCAI4E2p7ne+PM1ZVm6ocdePvdZwTmXKlvfz9ug=",
        "owner": "sini",
        "repo": "gen-aspects",
        "rev": "85958cc5f49eb15a1aa7ed762f06ef4a330a8ac6",
        "type": "github"
      },
      "original": {
        "owner": "sini",
        "repo": "gen-aspects",
        "type": "github"
      }
    },
    "gen-bind": {
      "inputs": {
        "gen-prelude": "gen-prelude"
      },
      "locked": {
        "lastModified": 1782932842,
        "narHash": "sha256-NjnQMYx/dzBby6fSH3DG/ABLieY4BTg36IwYHFyGBEc=",
        "owner": "sini",
        "repo": "gen-bind",
        "rev": "6b4a8b5e56989be7bf33d9c9d7d9845f6cd0c7b2",
        "type": "github"
      },
      "original": {
        "owner": "sini",
        "repo": "gen-bind",
        "type": "github"
      }
    },
    "gen-graph": {
      "inputs": {
        "nixpkgs": "nixpkgs_4"
      },
      "locked": {
        "lastModified": 1780184474,
        "narHash": "sha256-m6/QHV7PBzyp4nY/aU+a7lkEl3gGyp1tbmb+t2a45R0=",
        "owner": "sini",
        "repo": "gen-graph",
        "rev": "843675d35fa66109a42da986ea1dc0901cbaeddf",
        "type": "github"
      },
      "original": {
        "owner": "sini",
        "repo": "gen-graph",
        "type": "github"
      }
    },
    "gen-prelude": {
      "locked": {
        "lastModified": 1782849654,
        "narHash": "sha256-RuSmZU9Sny31YFYfPkagesMDKqGgkQQoNrm4O5Imw2c=",
        "owner": "sini",
        "repo": "gen-prelude",
        "rev": "9e3f4c947c76a11ffec04e020ac7e2a3fe306c47",
        "type": "github"
      },
      "original": {
        "owner": "sini",
        "repo": "gen-prelude",
        "type": "github"
      }
    },
    "gen-prelude_2": {
      "locked": {
        "lastModified": 1782849654,
        "narHash": "sha256-RuSmZU9Sny31YFYfPkagesMDKqGgkQQoNrm4O5Imw2c=",
        "owner": "sini",
        "repo": "gen-prelude",
        "rev": "9e3f4c947c76a11ffec04e020ac7e2a3fe306c47",
        "type": "github"
      },
      "original": {
        "owner": "sini",
        "repo": "gen-prelude",
        "type": "github"
      }
    },
    "gen-schema": {
      "inputs": {
        "gen-algebra": "gen-algebra_2",
        "nixpkgs": "nixpkgs"
      },
      "locked": {
        "lastModified": 1782524366,
        "narHash": "sha256-5ioahPWuYBLKb4MQtixVqIrzdKy9fMYkUXKCHFwTj8Q=",
        "owner": "sini",
        "repo": "gen-schema",
        "rev": "e789c334fed02bd39d79a6ba31d8bebcbf3ee31f",
        "type": "github"
      },
      "original": {
        "owner": "sini",
        "repo": "gen-schema",
        "type": "github"
      }
    },
    "gen-schema_2": {
      "inputs": {
        "gen-algebra": "gen-algebra_3",
        "nixpkgs": "nixpkgs_3"
      },
      "locked": {
        "lastModified": 1782932835,
        "narHash": "sha256-dAWfr0QloYq3R7j+oK0Lby+RgpDe54qyagszqLNBjik=",
        "owner": "sini",
        "repo": "gen-schema",
        "rev": "d59ee0e141533148c7a3ad7037c873317f7c612a",
        "type": "github"
      },
      "original": {
        "owner": "sini",
        "repo": "gen-schema",
        "type": "github"
      }
    },
    "gen-scope": {
      "inputs": {
        "gen-prelude": "gen-prelude_2"
      },
      "locked": {
        "lastModified": 1782932838,
        "narHash": "sha256-OnoxrCHgXcR9ZKXw7g+BpLGtLxHI0A0oE1C/AmtdSA0=",
        "owner": "sini",
        "repo": "gen-scope",
        "rev": "339d3d97dfc432abfdc4e17d9c95cd39d9c05648",
        "type": "github"
      },
      "original": {
        "owner": "sini",
        "repo": "gen-scope",
        "type": "github"
      }
    },
    "gen-vars": {
      "inputs": {
        "gen-graph": "gen-graph",
        "nixpkgs": "nixpkgs_5"
      },
      "locked": {
        "path": "../..",
        "type": "path"
      },
      "original": {
        "path": "../..",
        "type": "path"
      },
      "parent": []
    },
    "import-tree": {
      "locked": {
        "lastModified": 1749958812,
        "narHash": "sha256-zdo2CwxdUK3FpQjLBjkJnXvl7OPoTpjdW5OvOzQffoQ=",
        "owner": "sini",
        "repo": "import-tree",
        "rev": "6fcfa909614de6dd6c712db8229b8c0261791e39",
        "type": "github"
      },
      "original": {
        "owner": "sini",
        "repo": "import-tree",
        "type": "github"
      }
    },
    "nixpkgs": {
      "locked": {
        "lastModified": 1778869304,
        "narHash": "sha256-30sZNZoA1cqF5JNO9fVX+wgiQYjB7HJqqJ4ztCDeBZE=",
        "owner": "NixOS",
        "repo": "nixpkgs",
        "rev": "d233902339c02a9c334e7e593de68855ad26c4cb",
        "type": "github"
      },
      "original": {
        "owner": "NixOS",
        "ref": "nixos-unstable",
        "repo": "nixpkgs",
        "type": "github"
      }
    },
    "nixpkgs_2": {
      "locked": {
        "lastModified": 1782467914,
        "narHash": "sha256-pGvFkM8N0xEkIIXDe5YYfbEAvHrk4IxBrjB/x8OomhE=",
        "owner": "NixOS",
        "repo": "nixpkgs",
        "rev": "e73de5be04e0eff4190a1432b946d469c794e7b4",
        "type": "github"
      },
      "original": {
        "owner": "NixOS",
        "ref": "nixos-unstable",
        "repo": "nixpkgs",
        "type": "github"
      }
    },
    "nixpkgs_3": {
      "locked": {
        "lastModified": 1778869304,
        "narHash": "sha256-30sZNZoA1cqF5JNO9fVX+wgiQYjB7HJqqJ4ztCDeBZE=",
        "owner": "NixOS",
        "repo": "nixpkgs",
        "rev": "d233902339c02a9c334e7e593de68855ad26c4cb",
        "type": "github"
      },
      "original": {
        "owner": "NixOS",
        "ref": "nixos-unstable",
        "repo": "nixpkgs",
        "type": "github"
      }
    },
    "nixpkgs_4": {
      "locked": {
        "lastModified": 1780243769,
        "narHash": "sha256-x5UQuRsH3MqI0U9afaXSNqzTPSeZlRLvFAav2Ux1pNw=",
        "owner": "NixOS",
        "repo": "nixpkgs",
        "rev": "331800de5053fcebacf6813adb5db9c9dca22a0c",
        "type": "github"
      },
      "original": {
        "owner": "NixOS",
        "ref": "nixos-unstable",
        "repo": "nixpkgs",
        "type": "github"
      }
    },
    "nixpkgs_5": {
      "locked": {
        "lastModified": 1780243769,
        "narHash": "sha256-x5UQuRsH3MqI0U9afaXSNqzTPSeZlRLvFAav2Ux1pNw=",
        "owner": "NixOS",
        "repo": "nixpkgs",
        "rev": "331800de5053fcebacf6813adb5db9c9dca22a0c",
        "type": "github"
      },
      "original": {
        "owner": "NixOS",
        "ref": "nixos-unstable",
        "repo": "nixpkgs",
        "type": "github"
      }
    },
    "nixpkgs_6": {
      "locked": {
        "lastModified": 1780749050,
        "narHash": "sha256-3av0pIjlOWQ6rDbNOmpUSvbNnJkGORQKKjb4LtCZsIY=",
        "owner": "NixOS",
        "repo": "nixpkgs",
        "rev": "a799d3e3886da994fa307f817a6bc705ae538eeb",
        "type": "github"
      },
      "original": {
        "owner": "NixOS",
        "ref": "nixos-unstable",
        "repo": "nixpkgs",
        "type": "github"
      }
    },
    "root": {
      "inputs": {
        "flake-parts": "flake-parts",
        "gen-algebra": "gen-algebra",
        "gen-aspects": "gen-aspects",
        "gen-bind": "gen-bind",
        "gen-schema": "gen-schema_2",
        "gen-scope": "gen-scope",
        "gen-vars": "gen-vars",
        "import-tree": "import-tree",
        "nixpkgs": "nixpkgs_6"
      }
    }
  },
  "root": "root",
  "version": 7
}
