{
  "nodes": {
    "flake-parts": {
      "inputs": {
        "nixpkgs-lib": [
          "nixpkgs"
        ]
      },
      "locked": {
        "lastModified": 1778716662,
        "narHash": "sha256-m1Yf0wZ8j1OHjTc2UwHwyQRSnNeSgLJOd7q5Y45hzi4=",
        "owner": "hercules-ci",
        "repo": "flake-parts",
        "rev": "f7c1a2d347e4c52d5fb8d10cb4d94b5884e546fb",
        "type": "github"
      },
      "original": {
        "owner": "hercules-ci",
        "repo": "flake-parts",
        "type": "github"
      }
    },
    "flake-parts_2": {
      "inputs": {
        "nixpkgs-lib": "nixpkgs-lib"
      },
      "locked": {
        "lastModified": 1782949081,
        "narHash": "sha256-vp6Y/Grm98ESt6ceOkWiHWyZRDV3J1RID4w+6NWK9yA=",
        "owner": "hercules-ci",
        "repo": "flake-parts",
        "rev": "17c9d6cdfc60c64f4ee8d306f9bc0b4ccb51481e",
        "type": "github"
      },
      "original": {
        "owner": "hercules-ci",
        "repo": "flake-parts",
        "type": "github"
      }
    },
    "gen-algebra": {
      "locked": {
        "lastModified": 1782521734,
        "narHash": "sha256-BU6HndNta7WDB51AKjBFYNOxFhp5rJPOumjMkQVKzSM=",
        "owner": "sini",
        "repo": "gen-algebra",
        "rev": "aaffd3f073715bd4ac47d3f78123a9882a328bfa",
        "type": "github"
      },
      "original": {
        "owner": "sini",
        "repo": "gen-algebra",
        "type": "github"
      }
    },
    "gen-aspects": {
      "inputs": {
        "gen-merge": [
          "gen-flake",
          "gen-merge"
        ],
        "gen-prelude": [
          "gen-flake",
          "gen-prelude"
        ],
        "gen-schema": [
          "gen-flake",
          "gen-schema"
        ]
      },
      "locked": {
        "lastModified": 1783039226,
        "narHash": "sha256-mWFWgNWvFWOmgMl6ZYF0Fx+I8uZCpVC7l0N04eTPYCk=",
        "owner": "sini",
        "repo": "gen-aspects",
        "rev": "64c3c2531dbefd7045a833298928ea9d8fd717f9",
        "type": "github"
      },
      "original": {
        "owner": "sini",
        "ref": "64c3c25",
        "repo": "gen-aspects",
        "type": "github"
      }
    },
    "gen-bind": {
      "inputs": {
        "gen-prelude": [
          "gen-flake",
          "gen-prelude"
        ]
      },
      "locked": {
        "lastModified": 1783016466,
        "narHash": "sha256-ecgaTVOwLniIBoOmLS66efPX1UiAmvOSm2g7Y9tSup4=",
        "owner": "sini",
        "repo": "gen-bind",
        "rev": "f1d30cbb9fc1cdd48a6a94423d8a8e6e59dde14f",
        "type": "github"
      },
      "original": {
        "owner": "sini",
        "ref": "f1d30cb",
        "repo": "gen-bind",
        "type": "github"
      }
    },
    "gen-flake": {
      "inputs": {
        "flake-parts": "flake-parts_2",
        "gen-aspects": "gen-aspects",
        "gen-bind": "gen-bind",
        "gen-merge": "gen-merge",
        "gen-prelude": "gen-prelude",
        "gen-schema": "gen-schema",
        "gen-types": "gen-types",
        "import-tree": "import-tree",
        "nixpkgs": "nixpkgs"
      },
      "locked": {
        "lastModified": 1783282009,
        "narHash": "sha256-mMytWflFC0+Je2QGwPOzX3zBjr4i2gzTUoTv1qUO+Gs=",
        "owner": "sini",
        "repo": "gen-flake",
        "rev": "16aafe641aa7f9bb20b84a979ae90d97bda65ef8",
        "type": "github"
      },
      "original": {
        "owner": "sini",
        "repo": "gen-flake",
        "type": "github"
      }
    },
    "gen-graph": {
      "inputs": {
        "nixpkgs": "nixpkgs_2"
      },
      "locked": {
        "lastModified": 1780184474,
        "narHash": "sha256-m6/QHV7PBzyp4nY/aU+a7lkEl3gGyp1tbmb+t2a45R0=",
        "owner": "sini",
        "repo": "gen-graph",
        "rev": "843675d35fa66109a42da986ea1dc0901cbaeddf",
        "type": "github"
      },
      "original": {
        "owner": "sini",
        "repo": "gen-graph",
        "type": "github"
      }
    },
    "gen-merge": {
      "inputs": {
        "gen-prelude": [
          "gen-flake",
          "gen-prelude"
        ],
        "gen-types": [
          "gen-flake",
          "gen-types"
        ]
      },
      "locked": {
        "lastModified": 1783277552,
        "narHash": "sha256-q7T6fwYh7keFNp91nbltGC3qQj84KEAxmxBlhz5/3PU=",
        "owner": "sini",
        "repo": "gen-merge",
        "rev": "2ceedbf817ec5d245db19a2f36d20997c7d61512",
        "type": "github"
      },
      "original": {
        "owner": "sini",
        "ref": "2ceedbf",
        "repo": "gen-merge",
        "type": "github"
      }
    },
    "gen-prelude": {
      "locked": {
        "lastModified": 1783016618,
        "narHash": "sha256-J08Ao7Gr5M3cHwHJ1jGeKXjKK2AGol5PuWid8VhqMT4=",
        "owner": "sini",
        "repo": "gen-prelude",
        "rev": "62c2500777dc6854b3777d47303d0858ce0f1bb1",
        "type": "github"
      },
      "original": {
        "owner": "sini",
        "ref": "62c2500",
        "repo": "gen-prelude",
        "type": "github"
      }
    },
    "gen-prelude_2": {
      "locked": {
        "lastModified": 1783016618,
        "narHash": "sha256-J08Ao7Gr5M3cHwHJ1jGeKXjKK2AGol5PuWid8VhqMT4=",
        "owner": "sini",
        "repo": "gen-prelude",
        "rev": "62c2500777dc6854b3777d47303d0858ce0f1bb1",
        "type": "github"
      },
      "original": {
        "owner": "sini",
        "repo": "gen-prelude",
        "type": "github"
      }
    },
    "gen-prelude_3": {
      "locked": {
        "lastModified": 1782849654,
        "narHash": "sha256-RuSmZU9Sny31YFYfPkagesMDKqGgkQQoNrm4O5Imw2c=",
        "owner": "sini",
        "repo": "gen-prelude",
        "rev": "9e3f4c947c76a11ffec04e020ac7e2a3fe306c47",
        "type": "github"
      },
      "original": {
        "owner": "sini",
        "repo": "gen-prelude",
        "type": "github"
      }
    },
    "gen-schema": {
      "inputs": {
        "gen-algebra": "gen-algebra",
        "gen-merge": [
          "gen-flake",
          "gen-merge"
        ],
        "gen-prelude": [
          "gen-flake",
          "gen-prelude"
        ],
        "gen-types": [
          "gen-flake",
          "gen-types"
        ]
      },
      "locked": {
        "lastModified": 1783038356,
        "narHash": "sha256-UnVJ4S24f7H85geQEpgEKTUImkEJsJIY96gxGWSY8ls=",
        "owner": "sini",
        "repo": "gen-schema",
        "rev": "39d3d5d092eb422eef7955328e98543813b8d754",
        "type": "github"
      },
      "original": {
        "owner": "sini",
        "ref": "39d3d5d",
        "repo": "gen-schema",
        "type": "github"
      }
    },
    "gen-scope": {
      "inputs": {
        "gen-prelude": "gen-prelude_3"
      },
      "locked": {
        "lastModified": 1782932838,
        "narHash": "sha256-OnoxrCHgXcR9ZKXw7g+BpLGtLxHI0A0oE1C/AmtdSA0=",
        "owner": "sini",
        "repo": "gen-scope",
        "rev": "339d3d97dfc432abfdc4e17d9c95cd39d9c05648",
        "type": "github"
      },
      "original": {
        "owner": "sini",
        "repo": "gen-scope",
        "type": "github"
      }
    },
    "gen-types": {
      "inputs": {
        "gen-prelude": "gen-prelude_2"
      },
      "locked": {
        "lastModified": 1783025858,
        "narHash": "sha256-2n4u0VYxvV5deZ3/NTYoFUAjsZOL3os7OLdWQN/3cYU=",
        "owner": "sini",
        "repo": "gen-types",
        "rev": "887ad871d13f3baeb168a8cb5503b39737fe947b",
        "type": "github"
      },
      "original": {
        "owner": "sini",
        "ref": "887ad87",
        "repo": "gen-types",
        "type": "github"
      }
    },
    "gen-vars": {
      "inputs": {
        "gen-graph": "gen-graph",
        "nixpkgs": "nixpkgs_3"
      },
      "locked": {
        "path": "../..",
        "type": "path"
      },
      "original": {
        "path": "../..",
        "type": "path"
      },
      "parent": []
    },
    "import-tree": {
      "locked": {
        "lastModified": 1783029876,
        "narHash": "sha256-iI88R3wHz8wTKQb5orvpc51L/Xr64AJyxid/0MKa/b8=",
        "owner": "denful",
        "repo": "import-tree",
        "rev": "a164a12202f58eb67559bd33b5592f20660d9baf",
        "type": "github"
      },
      "original": {
        "owner": "denful",
        "repo": "import-tree",
        "rev": "a164a12202f58eb67559bd33b5592f20660d9baf",
        "type": "github"
      }
    },
    "import-tree_2": {
      "locked": {
        "lastModified": 1749958812,
        "narHash": "sha256-zdo2CwxdUK3FpQjLBjkJnXvl7OPoTpjdW5OvOzQffoQ=",
        "owner": "sini",
        "repo": "import-tree",
        "rev": "6fcfa909614de6dd6c712db8229b8c0261791e39",
        "type": "github"
      },
      "original": {
        "owner": "sini",
        "repo": "import-tree",
        "type": "github"
      }
    },
    "nixpkgs": {
      "locked": {
        "lastModified": 1782723713,
        "narHash": "sha256-T6OhkwGyyGHer1lr4GkbOp//7ii23xLE7HuMmjrdkXI=",
        "rev": "b5aa0fbd538984f6e3d201be0005b4463d8b09f8",
        "type": "tarball",
        "url": "https://releases.nixos.org/nixos/unstable/nixos-26.11pre1024265.b5aa0fbd5389/nixexprs.tar.xz"
      },
      "original": {
        "type": "tarball",
        "url": "https://channels.nixos.org/nixos-unstable/nixexprs.tar.xz"
      }
    },
    "nixpkgs-lib": {
      "locked": {
        "lastModified": 1782614948,
        "narHash": "sha256-ePjCwr1sNm9NYUqywL7QfK3JnlS015msC+eBu2zKlp8=",
        "owner": "nix-community",
        "repo": "nixpkgs.lib",
        "rev": "db3f255737b94216eb71cce308e2912cf6bc2d7c",
        "type": "github"
      },
      "original": {
        "owner": "nix-community",
        "repo": "nixpkgs.lib",
        "type": "github"
      }
    },
    "nixpkgs_2": {
      "locked": {
        "lastModified": 1780243769,
        "narHash": "sha256-x5UQuRsH3MqI0U9afaXSNqzTPSeZlRLvFAav2Ux1pNw=",
        "owner": "NixOS",
        "repo": "nixpkgs",
        "rev": "331800de5053fcebacf6813adb5db9c9dca22a0c",
        "type": "github"
      },
      "original": {
        "owner": "NixOS",
        "ref": "nixos-unstable",
        "repo": "nixpkgs",
        "type": "github"
      }
    },
    "nixpkgs_3": {
      "locked": {
        "lastModified": 1780243769,
        "narHash": "sha256-x5UQuRsH3MqI0U9afaXSNqzTPSeZlRLvFAav2Ux1pNw=",
        "owner": "NixOS",
        "repo": "nixpkgs",
        "rev": "331800de5053fcebacf6813adb5db9c9dca22a0c",
        "type": "github"
      },
      "original": {
        "owner": "NixOS",
        "ref": "nixos-unstable",
        "repo": "nixpkgs",
        "type": "github"
      }
    },
    "nixpkgs_4": {
      "locked": {
        "lastModified": 1780749050,
        "narHash": "sha256-3av0pIjlOWQ6rDbNOmpUSvbNnJkGORQKKjb4LtCZsIY=",
        "owner": "NixOS",
        "repo": "nixpkgs",
        "rev": "a799d3e3886da994fa307f817a6bc705ae538eeb",
        "type": "github"
      },
      "original": {
        "owner": "NixOS",
        "ref": "nixos-unstable",
        "repo": "nixpkgs",
        "type": "github"
      }
    },
    "root": {
      "inputs": {
        "flake-parts": "flake-parts",
        "gen-aspects": [
          "gen-flake",
          "gen-aspects"
        ],
        "gen-bind": [
          "gen-flake",
          "gen-bind"
        ],
        "gen-flake": "gen-flake",
        "gen-scope": "gen-scope",
        "gen-vars": "gen-vars",
        "import-tree": "import-tree_2",
        "nixpkgs": "nixpkgs_4"
      }
    }
  },
  "root": "root",
  "version": 7
}
