{
  "nodes": {
    "demo": {
      "inputs": {
        "flake-parts": "flake-parts",
        "gen-aspects": [
          "demo",
          "gen-flake",
          "gen-aspects"
        ],
        "gen-bind": [
          "demo",
          "gen-flake",
          "gen-bind"
        ],
        "gen-flake": "gen-flake",
        "gen-scope": "gen-scope",
        "gen-vars": "gen-vars",
        "import-tree": "import-tree_2",
        "nixpkgs": "nixpkgs_3"
      },
      "locked": {
        "path": "..",
        "type": "path"
      },
      "original": {
        "path": "..",
        "type": "path"
      },
      "parent": []
    },
    "devshell": {
      "inputs": {
        "nixpkgs": [
          "gen",
          "nixpkgs"
        ]
      },
      "locked": {
        "lastModified": 1768818222,
        "narHash": "sha256-460jc0+CZfyaO8+w8JNtlClB2n4ui1RbHfPTLkpwhU8=",
        "owner": "numtide",
        "repo": "devshell",
        "rev": "255a2b1725a20d060f566e4755dbf571bbbb5f76",
        "type": "github"
      },
      "original": {
        "owner": "numtide",
        "repo": "devshell",
        "type": "github"
      }
    },
    "flake-compat": {
      "flake": false,
      "locked": {
        "lastModified": 1767039857,
        "narHash": "sha256-vNpUSpF5Nuw8xvDLj2KCwwksIbjua2LZCqhV1LNRDns=",
        "owner": "NixOS",
        "repo": "flake-compat",
        "rev": "5edf11c44bc78a0d334f6334cdaf7d60d732daab",
        "type": "github"
      },
      "original": {
        "owner": "NixOS",
        "repo": "flake-compat",
        "type": "github"
      }
    },
    "flake-parts": {
      "inputs": {
        "nixpkgs-lib": [
          "demo",
          "nixpkgs"
        ]
      },
      "locked": {
        "lastModified": 1778716662,
        "narHash": "sha256-m1Yf0wZ8j1OHjTc2UwHwyQRSnNeSgLJOd7q5Y45hzi4=",
        "owner": "hercules-ci",
        "repo": "flake-parts",
        "rev": "f7c1a2d347e4c52d5fb8d10cb4d94b5884e546fb",
        "type": "github"
      },
      "original": {
        "owner": "hercules-ci",
        "repo": "flake-parts",
        "type": "github"
      }
    },
    "flake-parts_2": {
      "inputs": {
        "nixpkgs-lib": "nixpkgs-lib"
      },
      "locked": {
        "lastModified": 1782949081,
        "narHash": "sha256-vp6Y/Grm98ESt6ceOkWiHWyZRDV3J1RID4w+6NWK9yA=",
        "owner": "hercules-ci",
        "repo": "flake-parts",
        "rev": "17c9d6cdfc60c64f4ee8d306f9bc0b4ccb51481e",
        "type": "github"
      },
      "original": {
        "owner": "hercules-ci",
        "repo": "flake-parts",
        "type": "github"
      }
    },
    "flake-parts_3": {
      "inputs": {
        "nixpkgs-lib": "nixpkgs-lib_2"
      },
      "locked": {
        "lastModified": 1778716662,
        "narHash": "sha256-m1Yf0wZ8j1OHjTc2UwHwyQRSnNeSgLJOd7q5Y45hzi4=",
        "owner": "hercules-ci",
        "repo": "flake-parts",
        "rev": "f7c1a2d347e4c52d5fb8d10cb4d94b5884e546fb",
        "type": "github"
      },
      "original": {
        "owner": "hercules-ci",
        "repo": "flake-parts",
        "type": "github"
      }
    },
    "flake-root": {
      "locked": {
        "lastModified": 1723604017,
        "narHash": "sha256-rBtQ8gg+Dn4Sx/s+pvjdq3CB2wQNzx9XGFq/JVGCB6k=",
        "owner": "srid",
        "repo": "flake-root",
        "rev": "b759a56851e10cb13f6b8e5698af7b59c44be26e",
        "type": "github"
      },
      "original": {
        "owner": "srid",
        "repo": "flake-root",
        "type": "github"
      }
    },
    "gen": {
      "inputs": {
        "devshell": "devshell",
        "flake-parts": "flake-parts_3",
        "flake-root": "flake-root",
        "gen-algebra": "gen-algebra_2",
        "gen-aspects": "gen-aspects_2",
        "gen-bind": "gen-bind_2",
        "gen-dispatch": "gen-dispatch",
        "gen-graph": "gen-graph_2",
        "gen-prelude": "gen-prelude_8",
        "gen-resolve": "gen-resolve",
        "gen-schema": "gen-schema_3",
        "gen-scope": "gen-scope_4",
        "gen-select": "gen-select",
        "git-hooks-nix": "git-hooks-nix",
        "import-tree": "import-tree_3",
        "nix-unit": "nix-unit",
        "nixpkgs": "nixpkgs_7",
        "treefmt-nix": "treefmt-nix_2"
      },
      "locked": {
        "lastModified": 1782931192,
        "narHash": "sha256-aiNBzsgStpQOtsLvc4cbgyUr9bj50MdMPstaQFCjUBE=",
        "owner": "sini",
        "repo": "gen",
        "rev": "1a38083af0d105cf6f025bd389f6c537adc41441",
        "type": "github"
      },
      "original": {
        "owner": "sini",
        "repo": "gen",
        "type": "github"
      }
    },
    "gen-algebra": {
      "locked": {
        "lastModified": 1782521734,
        "narHash": "sha256-BU6HndNta7WDB51AKjBFYNOxFhp5rJPOumjMkQVKzSM=",
        "owner": "sini",
        "repo": "gen-algebra",
        "rev": "aaffd3f073715bd4ac47d3f78123a9882a328bfa",
        "type": "github"
      },
      "original": {
        "owner": "sini",
        "repo": "gen-algebra",
        "type": "github"
      }
    },
    "gen-algebra_2": {
      "locked": {
        "lastModified": 1782850000,
        "narHash": "sha256-tfgprYmY5T8epJ7IBP6o97wUW+CJkmK2dvCWS+fErBM=",
        "owner": "sini",
        "repo": "gen-algebra",
        "rev": "601a304f0d9d5b357b6c90ceb73cd704cb8bfd50",
        "type": "github"
      },
      "original": {
        "owner": "sini",
        "repo": "gen-algebra",
        "type": "github"
      }
    },
    "gen-algebra_3": {
      "locked": {
        "lastModified": 1782521734,
        "narHash": "sha256-BU6HndNta7WDB51AKjBFYNOxFhp5rJPOumjMkQVKzSM=",
        "owner": "sini",
        "repo": "gen-algebra",
        "rev": "aaffd3f073715bd4ac47d3f78123a9882a328bfa",
        "type": "github"
      },
      "original": {
        "owner": "sini",
        "repo": "gen-algebra",
        "type": "github"
      }
    },
    "gen-algebra_4": {
      "locked": {
        "lastModified": 1782850000,
        "narHash": "sha256-tfgprYmY5T8epJ7IBP6o97wUW+CJkmK2dvCWS+fErBM=",
        "owner": "sini",
        "repo": "gen-algebra",
        "rev": "601a304f0d9d5b357b6c90ceb73cd704cb8bfd50",
        "type": "github"
      },
      "original": {
        "owner": "sini",
        "repo": "gen-algebra",
        "type": "github"
      }
    },
    "gen-algebra_5": {
      "locked": {
        "lastModified": 1782521734,
        "narHash": "sha256-BU6HndNta7WDB51AKjBFYNOxFhp5rJPOumjMkQVKzSM=",
        "owner": "sini",
        "repo": "gen-algebra",
        "rev": "aaffd3f073715bd4ac47d3f78123a9882a328bfa",
        "type": "github"
      },
      "original": {
        "owner": "sini",
        "repo": "gen-algebra",
        "type": "github"
      }
    },
    "gen-aspects": {
      "inputs": {
        "gen-merge": [
          "demo",
          "gen-flake",
          "gen-merge"
        ],
        "gen-prelude": [
          "demo",
          "gen-flake",
          "gen-prelude"
        ],
        "gen-schema": [
          "demo",
          "gen-flake",
          "gen-schema"
        ]
      },
      "locked": {
        "lastModified": 1783039226,
        "narHash": "sha256-mWFWgNWvFWOmgMl6ZYF0Fx+I8uZCpVC7l0N04eTPYCk=",
        "owner": "sini",
        "repo": "gen-aspects",
        "rev": "64c3c2531dbefd7045a833298928ea9d8fd717f9",
        "type": "github"
      },
      "original": {
        "owner": "sini",
        "ref": "64c3c25",
        "repo": "gen-aspects",
        "type": "github"
      }
    },
    "gen-aspects_2": {
      "inputs": {
        "gen-schema": "gen-schema_2",
        "nixpkgs": "nixpkgs_5"
      },
      "locked": {
        "lastModified": 1782525282,
        "narHash": "sha256-Tcj2FCqjZWVI/yqzBzJXGUM0DwVTnggxXLC6fslSe+E=",
        "owner": "sini",
        "repo": "gen-aspects",
        "rev": "c7b6e976a8e0c80904d3082818d818f55f80d87b",
        "type": "github"
      },
      "original": {
        "owner": "sini",
        "repo": "gen-aspects",
        "type": "github"
      }
    },
    "gen-bind": {
      "inputs": {
        "gen-prelude": [
          "demo",
          "gen-flake",
          "gen-prelude"
        ]
      },
      "locked": {
        "lastModified": 1783016466,
        "narHash": "sha256-ecgaTVOwLniIBoOmLS66efPX1UiAmvOSm2g7Y9tSup4=",
        "owner": "sini",
        "repo": "gen-bind",
        "rev": "f1d30cbb9fc1cdd48a6a94423d8a8e6e59dde14f",
        "type": "github"
      },
      "original": {
        "owner": "sini",
        "ref": "f1d30cb",
        "repo": "gen-bind",
        "type": "github"
      }
    },
    "gen-bind_2": {
      "inputs": {
        "gen-prelude": "gen-prelude_5"
      },
      "locked": {
        "lastModified": 1782850473,
        "narHash": "sha256-jmeaoKqtu3UQknWsbySSWGJ0D60ACZwaXepgRRNV6Q8=",
        "owner": "sini",
        "repo": "gen-bind",
        "rev": "ced0fe510a77ec7ad3fd614596f5d5d14dbb1a96",
        "type": "github"
      },
      "original": {
        "owner": "sini",
        "repo": "gen-bind",
        "type": "github"
      }
    },
    "gen-bind_3": {
      "inputs": {
        "gen-prelude": "gen-prelude_9"
      },
      "locked": {
        "lastModified": 1782871669,
        "narHash": "sha256-uCJ6/rbSZkHh9cYq2/yAul6F8D4ptz58M9KFLJ3AkUM=",
        "owner": "sini",
        "repo": "gen-bind",
        "rev": "4dcdea0317f0a7965b20606e6957503a13194120",
        "type": "github"
      },
      "original": {
        "owner": "sini",
        "repo": "gen-bind",
        "type": "github"
      }
    },
    "gen-dispatch": {
      "inputs": {
        "gen-prelude": "gen-prelude_6"
      },
      "locked": {
        "lastModified": 1782928448,
        "narHash": "sha256-cyGBiVlwEgn9nhthHX+aJei9wS34nrMo+lQFW45/v9o=",
        "owner": "sini",
        "repo": "gen-dispatch",
        "rev": "ad633a1d19e2cd29add28c53245aecbf2adb7062",
        "type": "github"
      },
      "original": {
        "owner": "sini",
        "repo": "gen-dispatch",
        "type": "github"
      }
    },
    "gen-flake": {
      "inputs": {
        "flake-parts": "flake-parts_2",
        "gen-aspects": "gen-aspects",
        "gen-bind": "gen-bind",
        "gen-merge": "gen-merge",
        "gen-prelude": "gen-prelude",
        "gen-schema": "gen-schema",
        "gen-types": "gen-types",
        "import-tree": "import-tree",
        "nixpkgs": "nixpkgs"
      },
      "locked": {
        "lastModified": 1783282009,
        "narHash": "sha256-mMytWflFC0+Je2QGwPOzX3zBjr4i2gzTUoTv1qUO+Gs=",
        "owner": "sini",
        "repo": "gen-flake",
        "rev": "16aafe641aa7f9bb20b84a979ae90d97bda65ef8",
        "type": "github"
      },
      "original": {
        "owner": "sini",
        "repo": "gen-flake",
        "type": "github"
      }
    },
    "gen-graph": {
      "inputs": {
        "gen-prelude": "gen-prelude_4"
      },
      "locked": {
        "lastModified": 1782932839,
        "narHash": "sha256-Pqq3dBx8lU1mQDAV4f3v6fVHRPL/XOi2mPGQInwSubg=",
        "owner": "sini",
        "repo": "gen-graph",
        "rev": "403b58594d8d1ada467e97c2ab48e9bcc08a58fb",
        "type": "github"
      },
      "original": {
        "owner": "sini",
        "repo": "gen-graph",
        "type": "github"
      }
    },
    "gen-graph_2": {
      "inputs": {
        "gen-prelude": "gen-prelude_7"
      },
      "locked": {
        "lastModified": 1782928508,
        "narHash": "sha256-RyZKpSNiyYB49bkj0CnD2joWScrSRc3IeV2k+POyXmQ=",
        "owner": "sini",
        "repo": "gen-graph",
        "rev": "3f57be831874256fc15bc9b073eb9a87b654b658",
        "type": "github"
      },
      "original": {
        "owner": "sini",
        "repo": "gen-graph",
        "type": "github"
      }
    },
    "gen-graph_3": {
      "inputs": {
        "gen-prelude": "gen-prelude_10"
      },
      "locked": {
        "lastModified": 1782849898,
        "narHash": "sha256-RaIh+C2QLSYy7+1C7E/vFlKU//uCBeX8gqV4qNUeQfw=",
        "owner": "sini",
        "repo": "gen-graph",
        "rev": "fe792d98d7690853d6811cc89d290ef04ffc19e5",
        "type": "github"
      },
      "original": {
        "owner": "sini",
        "repo": "gen-graph",
        "type": "github"
      }
    },
    "gen-graph_4": {
      "inputs": {
        "gen-prelude": "gen-prelude_12"
      },
      "locked": {
        "lastModified": 1782847286,
        "narHash": "sha256-guwJN5oav8hR5XzuHeIzUJPQeBcs9tITrLsOkaES294=",
        "owner": "sini",
        "repo": "gen-graph",
        "rev": "662ef38074e1d9823852852e5d59fc74387020bc",
        "type": "github"
      },
      "original": {
        "owner": "sini",
        "repo": "gen-graph",
        "type": "github"
      }
    },
    "gen-merge": {
      "inputs": {
        "gen-prelude": [
          "demo",
          "gen-flake",
          "gen-prelude"
        ],
        "gen-types": [
          "demo",
          "gen-flake",
          "gen-types"
        ]
      },
      "locked": {
        "lastModified": 1783277552,
        "narHash": "sha256-q7T6fwYh7keFNp91nbltGC3qQj84KEAxmxBlhz5/3PU=",
        "owner": "sini",
        "repo": "gen-merge",
        "rev": "2ceedbf817ec5d245db19a2f36d20997c7d61512",
        "type": "github"
      },
      "original": {
        "owner": "sini",
        "ref": "2ceedbf",
        "repo": "gen-merge",
        "type": "github"
      }
    },
    "gen-prelude": {
      "locked": {
        "lastModified": 1783016618,
        "narHash": "sha256-J08Ao7Gr5M3cHwHJ1jGeKXjKK2AGol5PuWid8VhqMT4=",
        "owner": "sini",
        "repo": "gen-prelude",
        "rev": "62c2500777dc6854b3777d47303d0858ce0f1bb1",
        "type": "github"
      },
      "original": {
        "owner": "sini",
        "ref": "62c2500",
        "repo": "gen-prelude",
        "type": "github"
      }
    },
    "gen-prelude_10": {
      "locked": {
        "lastModified": 1782849654,
        "narHash": "sha256-RuSmZU9Sny31YFYfPkagesMDKqGgkQQoNrm4O5Imw2c=",
        "owner": "sini",
        "repo": "gen-prelude",
        "rev": "9e3f4c947c76a11ffec04e020ac7e2a3fe306c47",
        "type": "github"
      },
      "original": {
        "owner": "sini",
        "repo": "gen-prelude",
        "type": "github"
      }
    },
    "gen-prelude_11": {
      "locked": {
        "lastModified": 1782850468,
        "narHash": "sha256-1NsGP5N2mwRrP1y+0pJitNRHxQOBhaxjm9o3JlKDKE0=",
        "owner": "sini",
        "repo": "gen-prelude",
        "rev": "8ad72ce387a2a1cb23ce4ee2d0dc65eb801d99a6",
        "type": "github"
      },
      "original": {
        "owner": "sini",
        "repo": "gen-prelude",
        "type": "github"
      }
    },
    "gen-prelude_12": {
      "locked": {
        "lastModified": 1782520960,
        "narHash": "sha256-5WfLlS6dk7dzhsnnDYRsHZEaS+lFFj3tohqyKzO5HdM=",
        "owner": "sini",
        "repo": "gen-prelude",
        "rev": "7f9475ae42daa70884b9ebde28be496d34ad2023",
        "type": "github"
      },
      "original": {
        "owner": "sini",
        "repo": "gen-prelude",
        "type": "github"
      }
    },
    "gen-prelude_13": {
      "locked": {
        "lastModified": 1782849654,
        "narHash": "sha256-RuSmZU9Sny31YFYfPkagesMDKqGgkQQoNrm4O5Imw2c=",
        "owner": "sini",
        "repo": "gen-prelude",
        "rev": "9e3f4c947c76a11ffec04e020ac7e2a3fe306c47",
        "type": "github"
      },
      "original": {
        "owner": "sini",
        "repo": "gen-prelude",
        "type": "github"
      }
    },
    "gen-prelude_14": {
      "locked": {
        "lastModified": 1782520960,
        "narHash": "sha256-5WfLlS6dk7dzhsnnDYRsHZEaS+lFFj3tohqyKzO5HdM=",
        "owner": "sini",
        "repo": "gen-prelude",
        "rev": "7f9475ae42daa70884b9ebde28be496d34ad2023",
        "type": "github"
      },
      "original": {
        "owner": "sini",
        "repo": "gen-prelude",
        "type": "github"
      }
    },
    "gen-prelude_15": {
      "locked": {
        "lastModified": 1782849654,
        "narHash": "sha256-RuSmZU9Sny31YFYfPkagesMDKqGgkQQoNrm4O5Imw2c=",
        "owner": "sini",
        "repo": "gen-prelude",
        "rev": "9e3f4c947c76a11ffec04e020ac7e2a3fe306c47",
        "type": "github"
      },
      "original": {
        "owner": "sini",
        "repo": "gen-prelude",
        "type": "github"
      }
    },
    "gen-prelude_16": {
      "locked": {
        "lastModified": 1782849654,
        "narHash": "sha256-RuSmZU9Sny31YFYfPkagesMDKqGgkQQoNrm4O5Imw2c=",
        "owner": "sini",
        "repo": "gen-prelude",
        "rev": "9e3f4c947c76a11ffec04e020ac7e2a3fe306c47",
        "type": "github"
      },
      "original": {
        "owner": "sini",
        "repo": "gen-prelude",
        "type": "github"
      }
    },
    "gen-prelude_2": {
      "locked": {
        "lastModified": 1783016618,
        "narHash": "sha256-J08Ao7Gr5M3cHwHJ1jGeKXjKK2AGol5PuWid8VhqMT4=",
        "owner": "sini",
        "repo": "gen-prelude",
        "rev": "62c2500777dc6854b3777d47303d0858ce0f1bb1",
        "type": "github"
      },
      "original": {
        "owner": "sini",
        "repo": "gen-prelude",
        "type": "github"
      }
    },
    "gen-prelude_3": {
      "locked": {
        "lastModified": 1782849654,
        "narHash": "sha256-RuSmZU9Sny31YFYfPkagesMDKqGgkQQoNrm4O5Imw2c=",
        "owner": "sini",
        "repo": "gen-prelude",
        "rev": "9e3f4c947c76a11ffec04e020ac7e2a3fe306c47",
        "type": "github"
      },
      "original": {
        "owner": "sini",
        "repo": "gen-prelude",
        "type": "github"
      }
    },
    "gen-prelude_4": {
      "locked": {
        "lastModified": 1782849654,
        "narHash": "sha256-RuSmZU9Sny31YFYfPkagesMDKqGgkQQoNrm4O5Imw2c=",
        "owner": "sini",
        "repo": "gen-prelude",
        "rev": "9e3f4c947c76a11ffec04e020ac7e2a3fe306c47",
        "type": "github"
      },
      "original": {
        "owner": "sini",
        "repo": "gen-prelude",
        "type": "github"
      }
    },
    "gen-prelude_5": {
      "locked": {
        "lastModified": 1782849654,
        "narHash": "sha256-RuSmZU9Sny31YFYfPkagesMDKqGgkQQoNrm4O5Imw2c=",
        "owner": "sini",
        "repo": "gen-prelude",
        "rev": "9e3f4c947c76a11ffec04e020ac7e2a3fe306c47",
        "type": "github"
      },
      "original": {
        "owner": "sini",
        "repo": "gen-prelude",
        "type": "github"
      }
    },
    "gen-prelude_6": {
      "locked": {
        "lastModified": 1782849654,
        "narHash": "sha256-RuSmZU9Sny31YFYfPkagesMDKqGgkQQoNrm4O5Imw2c=",
        "owner": "sini",
        "repo": "gen-prelude",
        "rev": "9e3f4c947c76a11ffec04e020ac7e2a3fe306c47",
        "type": "github"
      },
      "original": {
        "owner": "sini",
        "repo": "gen-prelude",
        "type": "github"
      }
    },
    "gen-prelude_7": {
      "locked": {
        "lastModified": 1782849654,
        "narHash": "sha256-RuSmZU9Sny31YFYfPkagesMDKqGgkQQoNrm4O5Imw2c=",
        "owner": "sini",
        "repo": "gen-prelude",
        "rev": "9e3f4c947c76a11ffec04e020ac7e2a3fe306c47",
        "type": "github"
      },
      "original": {
        "owner": "sini",
        "repo": "gen-prelude",
        "type": "github"
      }
    },
    "gen-prelude_8": {
      "locked": {
        "lastModified": 1782850468,
        "narHash": "sha256-1NsGP5N2mwRrP1y+0pJitNRHxQOBhaxjm9o3JlKDKE0=",
        "owner": "sini",
        "repo": "gen-prelude",
        "rev": "8ad72ce387a2a1cb23ce4ee2d0dc65eb801d99a6",
        "type": "github"
      },
      "original": {
        "owner": "sini",
        "repo": "gen-prelude",
        "type": "github"
      }
    },
    "gen-prelude_9": {
      "locked": {
        "lastModified": 1782849654,
        "narHash": "sha256-RuSmZU9Sny31YFYfPkagesMDKqGgkQQoNrm4O5Imw2c=",
        "owner": "sini",
        "repo": "gen-prelude",
        "rev": "9e3f4c947c76a11ffec04e020ac7e2a3fe306c47",
        "type": "github"
      },
      "original": {
        "owner": "sini",
        "repo": "gen-prelude",
        "type": "github"
      }
    },
    "gen-rebuild": {
      "inputs": {
        "gen-graph": "gen-graph_4",
        "gen-prelude": "gen-prelude_13",
        "gen-scope": "gen-scope_2"
      },
      "locked": {
        "lastModified": 1782850163,
        "narHash": "sha256-X+eiWRO1zgBXLEZnh6diYpNfpb3Qs19/DjPu0OZZ1po=",
        "owner": "sini",
        "repo": "gen-rebuild",
        "rev": "3c10e15f61245a54e5afaf3299677520950150d0",
        "type": "github"
      },
      "original": {
        "owner": "sini",
        "repo": "gen-rebuild",
        "type": "github"
      }
    },
    "gen-resolve": {
      "inputs": {
        "gen-algebra": "gen-algebra_4",
        "gen-bind": "gen-bind_3",
        "gen-graph": "gen-graph_3",
        "gen-prelude": "gen-prelude_11",
        "gen-rebuild": "gen-rebuild",
        "gen-scope": "gen-scope_3"
      },
      "locked": {
        "lastModified": 1782879451,
        "narHash": "sha256-ySyFynAj36yFJ+Hdj9rtWIe0QTDDhMQ1Fg0QGRMOKDI=",
        "owner": "sini",
        "repo": "gen-resolve",
        "rev": "ec18f989328dc5042c9ffc3af88a5babaa140f9f",
        "type": "github"
      },
      "original": {
        "owner": "sini",
        "repo": "gen-resolve",
        "type": "github"
      }
    },
    "gen-schema": {
      "inputs": {
        "gen-algebra": "gen-algebra",
        "gen-merge": [
          "demo",
          "gen-flake",
          "gen-merge"
        ],
        "gen-prelude": [
          "demo",
          "gen-flake",
          "gen-prelude"
        ],
        "gen-types": [
          "demo",
          "gen-flake",
          "gen-types"
        ]
      },
      "locked": {
        "lastModified": 1783038356,
        "narHash": "sha256-UnVJ4S24f7H85geQEpgEKTUImkEJsJIY96gxGWSY8ls=",
        "owner": "sini",
        "repo": "gen-schema",
        "rev": "39d3d5d092eb422eef7955328e98543813b8d754",
        "type": "github"
      },
      "original": {
        "owner": "sini",
        "ref": "39d3d5d",
        "repo": "gen-schema",
        "type": "github"
      }
    },
    "gen-schema_2": {
      "inputs": {
        "gen-algebra": "gen-algebra_3",
        "nixpkgs": "nixpkgs_4"
      },
      "locked": {
        "lastModified": 1782524366,
        "narHash": "sha256-5ioahPWuYBLKb4MQtixVqIrzdKy9fMYkUXKCHFwTj8Q=",
        "owner": "sini",
        "repo": "gen-schema",
        "rev": "e789c334fed02bd39d79a6ba31d8bebcbf3ee31f",
        "type": "github"
      },
      "original": {
        "owner": "sini",
        "repo": "gen-schema",
        "type": "github"
      }
    },
    "gen-schema_3": {
      "inputs": {
        "gen-algebra": "gen-algebra_5",
        "nixpkgs": "nixpkgs_6"
      },
      "locked": {
        "lastModified": 1782524366,
        "narHash": "sha256-5ioahPWuYBLKb4MQtixVqIrzdKy9fMYkUXKCHFwTj8Q=",
        "owner": "sini",
        "repo": "gen-schema",
        "rev": "e789c334fed02bd39d79a6ba31d8bebcbf3ee31f",
        "type": "github"
      },
      "original": {
        "owner": "sini",
        "repo": "gen-schema",
        "type": "github"
      }
    },
    "gen-scope": {
      "inputs": {
        "gen-prelude": "gen-prelude_3"
      },
      "locked": {
        "lastModified": 1782932838,
        "narHash": "sha256-OnoxrCHgXcR9ZKXw7g+BpLGtLxHI0A0oE1C/AmtdSA0=",
        "owner": "sini",
        "repo": "gen-scope",
        "rev": "339d3d97dfc432abfdc4e17d9c95cd39d9c05648",
        "type": "github"
      },
      "original": {
        "owner": "sini",
        "repo": "gen-scope",
        "type": "github"
      }
    },
    "gen-scope_2": {
      "inputs": {
        "gen-prelude": "gen-prelude_14"
      },
      "locked": {
        "lastModified": 1782847542,
        "narHash": "sha256-Kzm6uC3Jkr64VnnS0RC3JUUnPT1qPRObDE2fIvYhsbw=",
        "owner": "sini",
        "repo": "gen-scope",
        "rev": "102ec0b095ee46c331d6ad935087d337a129cbe0",
        "type": "github"
      },
      "original": {
        "owner": "sini",
        "repo": "gen-scope",
        "type": "github"
      }
    },
    "gen-scope_3": {
      "inputs": {
        "gen-prelude": "gen-prelude_15"
      },
      "locked": {
        "lastModified": 1782878368,
        "narHash": "sha256-5Hgksuxdz8qEL0IQCvjhkDWuPJP080YFSdSrAvX/zD4=",
        "owner": "sini",
        "repo": "gen-scope",
        "rev": "f8ecbefb33c7d9deb340647c46cd284530cc1a71",
        "type": "github"
      },
      "original": {
        "owner": "sini",
        "repo": "gen-scope",
        "type": "github"
      }
    },
    "gen-scope_4": {
      "inputs": {
        "gen-prelude": "gen-prelude_16"
      },
      "locked": {
        "lastModified": 1782849981,
        "narHash": "sha256-brMlHNyZla+w1R4gqH5CqKC27bL7da2P8obOJZ9BzGM=",
        "owner": "sini",
        "repo": "gen-scope",
        "rev": "2472dd640006f47ce6536806e15c5fcf1e62c992",
        "type": "github"
      },
      "original": {
        "owner": "sini",
        "repo": "gen-scope",
        "type": "github"
      }
    },
    "gen-select": {
      "locked": {
        "lastModified": 1782850452,
        "narHash": "sha256-d6BPolD9ayWSzTNCRM+OLACamVBmPJ85ycjf+z4dwR8=",
        "owner": "sini",
        "repo": "gen-select",
        "rev": "b92c344203e9bd73bfa6b8e486fae771a1fe9c65",
        "type": "github"
      },
      "original": {
        "owner": "sini",
        "repo": "gen-select",
        "type": "github"
      }
    },
    "gen-types": {
      "inputs": {
        "gen-prelude": "gen-prelude_2"
      },
      "locked": {
        "lastModified": 1783025858,
        "narHash": "sha256-2n4u0VYxvV5deZ3/NTYoFUAjsZOL3os7OLdWQN/3cYU=",
        "owner": "sini",
        "repo": "gen-types",
        "rev": "887ad871d13f3baeb168a8cb5503b39737fe947b",
        "type": "github"
      },
      "original": {
        "owner": "sini",
        "ref": "887ad87",
        "repo": "gen-types",
        "type": "github"
      }
    },
    "gen-vars": {
      "inputs": {
        "gen-graph": "gen-graph",
        "nixpkgs": "nixpkgs_2"
      },
      "locked": {
        "path": "../..",
        "type": "path"
      },
      "original": {
        "path": "../..",
        "type": "path"
      },
      "parent": [
        "demo"
      ]
    },
    "git-hooks-nix": {
      "inputs": {
        "flake-compat": "flake-compat",
        "gitignore": "gitignore",
        "nixpkgs": [
          "gen",
          "nixpkgs"
        ]
      },
      "locked": {
        "lastModified": 1781733627,
        "narHash": "sha256-U3yTuGBnmXvXoQI3qkpfEDsn9RovQPAjN7ndRco+3u0=",
        "owner": "cachix",
        "repo": "git-hooks.nix",
        "rev": "3bbec39bc90eadfa031e6f3b77272f3f60803e39",
        "type": "github"
      },
      "original": {
        "owner": "cachix",
        "repo": "git-hooks.nix",
        "type": "github"
      }
    },
    "gitignore": {
      "inputs": {
        "nixpkgs": [
          "gen",
          "git-hooks-nix",
          "nixpkgs"
        ]
      },
      "locked": {
        "lastModified": 1709087332,
        "narHash": "sha256-HG2cCnktfHsKV0s4XW83gU3F57gaTljL9KNSuG6bnQs=",
        "owner": "hercules-ci",
        "repo": "gitignore.nix",
        "rev": "637db329424fd7e46cf4185293b9cc8c88c95394",
        "type": "github"
      },
      "original": {
        "owner": "hercules-ci",
        "repo": "gitignore.nix",
        "type": "github"
      }
    },
    "import-tree": {
      "locked": {
        "lastModified": 1783029876,
        "narHash": "sha256-iI88R3wHz8wTKQb5orvpc51L/Xr64AJyxid/0MKa/b8=",
        "owner": "denful",
        "repo": "import-tree",
        "rev": "a164a12202f58eb67559bd33b5592f20660d9baf",
        "type": "github"
      },
      "original": {
        "owner": "denful",
        "repo": "import-tree",
        "rev": "a164a12202f58eb67559bd33b5592f20660d9baf",
        "type": "github"
      }
    },
    "import-tree_2": {
      "locked": {
        "lastModified": 1749958812,
        "narHash": "sha256-zdo2CwxdUK3FpQjLBjkJnXvl7OPoTpjdW5OvOzQffoQ=",
        "owner": "sini",
        "repo": "import-tree",
        "rev": "6fcfa909614de6dd6c712db8229b8c0261791e39",
        "type": "github"
      },
      "original": {
        "owner": "sini",
        "repo": "import-tree",
        "type": "github"
      }
    },
    "import-tree_3": {
      "locked": {
        "lastModified": 1749958812,
        "narHash": "sha256-zdo2CwxdUK3FpQjLBjkJnXvl7OPoTpjdW5OvOzQffoQ=",
        "owner": "sini",
        "repo": "import-tree",
        "rev": "6fcfa909614de6dd6c712db8229b8c0261791e39",
        "type": "github"
      },
      "original": {
        "owner": "sini",
        "repo": "import-tree",
        "type": "github"
      }
    },
    "nix-github-actions": {
      "inputs": {
        "nixpkgs": [
          "gen",
          "nix-unit",
          "nixpkgs"
        ]
      },
      "locked": {
        "lastModified": 1737420293,
        "narHash": "sha256-F1G5ifvqTpJq7fdkT34e/Jy9VCyzd5XfJ9TO8fHhJWE=",
        "owner": "nix-community",
        "repo": "nix-github-actions",
        "rev": "f4158fa080ef4503c8f4c820967d946c2af31ec9",
        "type": "github"
      },
      "original": {
        "owner": "nix-community",
        "repo": "nix-github-actions",
        "type": "github"
      }
    },
    "nix-unit": {
      "inputs": {
        "nix-github-actions": "nix-github-actions",
        "nixpkgs": [
          "gen",
          "nixpkgs"
        ],
        "treefmt-nix": "treefmt-nix"
      },
      "locked": {
        "lastModified": 1779338171,
        "narHash": "sha256-affUbv/bwE8SLGhuWKniDr7SVO+Lo1XEPjCZdyU5kgQ=",
        "owner": "nix-community",
        "repo": "nix-unit",
        "rev": "6ab1f232562a01d18b40d5ed6a58718c4f3a74bc",
        "type": "github"
      },
      "original": {
        "owner": "nix-community",
        "repo": "nix-unit",
        "type": "github"
      }
    },
    "nixpkgs": {
      "locked": {
        "lastModified": 1782723713,
        "narHash": "sha256-T6OhkwGyyGHer1lr4GkbOp//7ii23xLE7HuMmjrdkXI=",
        "rev": "b5aa0fbd538984f6e3d201be0005b4463d8b09f8",
        "type": "tarball",
        "url": "https://releases.nixos.org/nixos/unstable/nixos-26.11pre1024265.b5aa0fbd5389/nixexprs.tar.xz"
      },
      "original": {
        "type": "tarball",
        "url": "https://channels.nixos.org/nixos-unstable/nixexprs.tar.xz"
      }
    },
    "nixpkgs-lib": {
      "locked": {
        "lastModified": 1782614948,
        "narHash": "sha256-ePjCwr1sNm9NYUqywL7QfK3JnlS015msC+eBu2zKlp8=",
        "owner": "nix-community",
        "repo": "nixpkgs.lib",
        "rev": "db3f255737b94216eb71cce308e2912cf6bc2d7c",
        "type": "github"
      },
      "original": {
        "owner": "nix-community",
        "repo": "nixpkgs.lib",
        "type": "github"
      }
    },
    "nixpkgs-lib_2": {
      "locked": {
        "lastModified": 1777168982,
        "narHash": "sha256-GOkGPcboWE9BmGCRMLX3worL4EMnsnG8MyKmXNeYuhQ=",
        "owner": "nix-community",
        "repo": "nixpkgs.lib",
        "rev": "f5901329dade4a6ea039af1433fb087bd9c1fe14",
        "type": "github"
      },
      "original": {
        "owner": "nix-community",
        "repo": "nixpkgs.lib",
        "type": "github"
      }
    },
    "nixpkgs_2": {
      "locked": {
        "lastModified": 1780243769,
        "narHash": "sha256-x5UQuRsH3MqI0U9afaXSNqzTPSeZlRLvFAav2Ux1pNw=",
        "owner": "NixOS",
        "repo": "nixpkgs",
        "rev": "331800de5053fcebacf6813adb5db9c9dca22a0c",
        "type": "github"
      },
      "original": {
        "owner": "NixOS",
        "ref": "nixos-unstable",
        "repo": "nixpkgs",
        "type": "github"
      }
    },
    "nixpkgs_3": {
      "locked": {
        "lastModified": 1780749050,
        "narHash": "sha256-3av0pIjlOWQ6rDbNOmpUSvbNnJkGORQKKjb4LtCZsIY=",
        "owner": "NixOS",
        "repo": "nixpkgs",
        "rev": "a799d3e3886da994fa307f817a6bc705ae538eeb",
        "type": "github"
      },
      "original": {
        "owner": "NixOS",
        "ref": "nixos-unstable",
        "repo": "nixpkgs",
        "type": "github"
      }
    },
    "nixpkgs_4": {
      "locked": {
        "lastModified": 1778869304,
        "narHash": "sha256-30sZNZoA1cqF5JNO9fVX+wgiQYjB7HJqqJ4ztCDeBZE=",
        "owner": "NixOS",
        "repo": "nixpkgs",
        "rev": "d233902339c02a9c334e7e593de68855ad26c4cb",
        "type": "github"
      },
      "original": {
        "owner": "NixOS",
        "ref": "nixos-unstable",
        "repo": "nixpkgs",
        "type": "github"
      }
    },
    "nixpkgs_5": {
      "locked": {
        "lastModified": 1782467914,
        "narHash": "sha256-pGvFkM8N0xEkIIXDe5YYfbEAvHrk4IxBrjB/x8OomhE=",
        "owner": "NixOS",
        "repo": "nixpkgs",
        "rev": "e73de5be04e0eff4190a1432b946d469c794e7b4",
        "type": "github"
      },
      "original": {
        "owner": "NixOS",
        "ref": "nixos-unstable",
        "repo": "nixpkgs",
        "type": "github"
      }
    },
    "nixpkgs_6": {
      "locked": {
        "lastModified": 1778869304,
        "narHash": "sha256-30sZNZoA1cqF5JNO9fVX+wgiQYjB7HJqqJ4ztCDeBZE=",
        "owner": "NixOS",
        "repo": "nixpkgs",
        "rev": "d233902339c02a9c334e7e593de68855ad26c4cb",
        "type": "github"
      },
      "original": {
        "owner": "NixOS",
        "ref": "nixos-unstable",
        "repo": "nixpkgs",
        "type": "github"
      }
    },
    "nixpkgs_7": {
      "locked": {
        "lastModified": 1781577229,
        "narHash": "sha256-rcUHdUtJEvMdNEl2Wq+YpHraHKfcer3KsBscpZEF2Yg=",
        "rev": "567a49d1913ce81ac6e9582e3553dd90a955875f",
        "type": "tarball",
        "url": "https://releases.nixos.org/nixos/unstable/nixos-26.11pre1017464.567a49d1913c/nixexprs.tar.xz?lastModified=1781577229&rev=567a49d1913ce81ac6e9582e3553dd90a955875f"
      },
      "original": {
        "type": "tarball",
        "url": "https://channels.nixos.org/nixos-unstable/nixexprs.tar.xz"
      }
    },
    "nixpkgs_8": {
      "locked": {
        "lastModified": 1782723713,
        "narHash": "sha256-T6OhkwGyyGHer1lr4GkbOp//7ii23xLE7HuMmjrdkXI=",
        "rev": "b5aa0fbd538984f6e3d201be0005b4463d8b09f8",
        "type": "tarball",
        "url": "https://releases.nixos.org/nixos/unstable/nixos-26.11pre1024265.b5aa0fbd5389/nixexprs.tar.xz"
      },
      "original": {
        "type": "tarball",
        "url": "https://channels.nixos.org/nixos-unstable/nixexprs.tar.xz"
      }
    },
    "root": {
      "inputs": {
        "demo": "demo",
        "gen": "gen",
        "nixpkgs": "nixpkgs_8"
      }
    },
    "treefmt-nix": {
      "inputs": {
        "nixpkgs": [
          "gen",
          "nix-unit",
          "nixpkgs"
        ]
      },
      "locked": {
        "lastModified": 1775636079,
        "narHash": "sha256-pc20NRoMdiar8oPQceQT47UUZMBTiMdUuWrYu2obUP0=",
        "owner": "numtide",
        "repo": "treefmt-nix",
        "rev": "790751ff7fd3801feeaf96d7dc416a8d581265ba",
        "type": "github"
      },
      "original": {
        "owner": "numtide",
        "repo": "treefmt-nix",
        "type": "github"
      }
    },
    "treefmt-nix_2": {
      "inputs": {
        "nixpkgs": [
          "gen",
          "nixpkgs"
        ]
      },
      "locked": {
        "lastModified": 1780220602,
        "narHash": "sha256-eynAfOmbmxJnkp7YewvCEbShNnnYJ9gLLqkzsYtBPeM=",
        "owner": "numtide",
        "repo": "treefmt-nix",
        "rev": "db947814a175b7ca6ded66e21383d938df01c227",
        "type": "github"
      },
      "original": {
        "owner": "numtide",
        "repo": "treefmt-nix",
        "type": "github"
      }
    }
  },
  "root": "root",
  "version": 7
}
